// !$*UTF8*$!
{
	archiveVersion = 1;
	classes = {
	};
	objectVersion = 56;
	objects = {

/* Begin PBXBuildFile section */
		7C0169612A9BE89300DEF05F /* NBItemDetailsView.swift in Sources */ = {isa = PBXBuildFile; fileRef = 7C0169602A9BE89300DEF05F /* NBItemDetailsView.swift */; };
		7C0169632A9BEA1D00DEF05F /* NBItemDetailsViewModel.swift in Sources */ = {isa = PBXBuildFile; fileRef = 7C0169622A9BEA1D00DEF05F /* NBItemDetailsViewModel.swift */; };
		7C0169652A9BEA5700DEF05F /* NBItemDetailsViewInput.swift in Sources */ = {isa = PBXBuildFile; fileRef = 7C0169642A9BEA5700DEF05F /* NBItemDetailsViewInput.swift */; };
		7C0169682A9BEC0E00DEF05F /* NBItemDetailsViewModelDataImpl.swift in Sources */ = {isa = PBXBuildFile; fileRef = 7C0169672A9BEC0E00DEF05F /* NBItemDetailsViewModelDataImpl.swift */; };
		7C01696B2A9BFE4600DEF05F /* NBGradientImageView.swift in Sources */ = {isa = PBXBuildFile; fileRef = 7C01696A2A9BFE4600DEF05F /* NBGradientImageView.swift */; };
		7C01696E2A9C029100DEF05F /* AddressView.swift in Sources */ = {isa = PBXBuildFile; fileRef = 7C01696D2A9C029100DEF05F /* AddressView.swift */; };
		7C0169702A9C02D500DEF05F /* AddressViewInput.swift in Sources */ = {isa = PBXBuildFile; fileRef = 7C01696F2A9C02D500DEF05F /* AddressViewInput.swift */; };
		7C0169722A9C02F200DEF05F /* AddressViewModel.swift in Sources */ = {isa = PBXBuildFile; fileRef = 7C0169712A9C02F200DEF05F /* AddressViewModel.swift */; };
		7C0169742A9C031600DEF05F /* AddressViewModelDataImpl.swift in Sources */ = {isa = PBXBuildFile; fileRef = 7C0169732A9C031600DEF05F /* AddressViewModelDataImpl.swift */; };
		7C0169762A9C053B00DEF05F /* NBImage.swift in Sources */ = {isa = PBXBuildFile; fileRef = 7C0169752A9C053B00DEF05F /* NBImage.swift */; };
		7C0169782A9C112D00DEF05F /* UIView + makeScale.swift in Sources */ = {isa = PBXBuildFile; fileRef = 7C0169772A9C112D00DEF05F /* UIView + makeScale.swift */; };
		7C6CFB042A9A143900F24156 /* Advertisement.swift in Sources */ = {isa = PBXBuildFile; fileRef = 7C6CFB032A9A143900F24156 /* Advertisement.swift */; };
		7C6CFB062A9A157B00F24156 /* AdvertisementsResponse.swift in Sources */ = {isa = PBXBuildFile; fileRef = 7C6CFB052A9A157B00F24156 /* AdvertisementsResponse.swift */; };
		7C6CFB092A9A181000F24156 /* AdvertisementDetails.swift in Sources */ = {isa = PBXBuildFile; fileRef = 7C6CFB082A9A181000F24156 /* AdvertisementDetails.swift */; };
		7C6CFB0B2A9A1D0000F24156 /* HTTPMethod.swift in Sources */ = {isa = PBXBuildFile; fileRef = 7C6CFB0A2A9A1D0000F24156 /* HTTPMethod.swift */; };
		7C6CFB0E2A9A1E7300F24156 /* RequestBuilder.swift in Sources */ = {isa = PBXBuildFile; fileRef = 7C6CFB0D2A9A1E7300F24156 /* RequestBuilder.swift */; };
		7C6CFB102A9A1EC600F24156 /* NetworkRequestContract.swift in Sources */ = {isa = PBXBuildFile; fileRef = 7C6CFB0F2A9A1EC600F24156 /* NetworkRequestContract.swift */; };
		7C6CFB132A9A1F4800F24156 /* NetworkResponseConverterOf.swift in Sources */ = {isa = PBXBuildFile; fileRef = 7C6CFB122A9A1F4800F24156 /* NetworkResponseConverterOf.swift */; };
		7C6CFB152A9A1F6600F24156 /* NetworkResponseConverterContract.swift in Sources */ = {isa = PBXBuildFile; fileRef = 7C6CFB142A9A1F6600F24156 /* NetworkResponseConverterContract.swift */; };
		7C6CFB172A9A1FB400F24156 /* NetworkError.swift in Sources */ = {isa = PBXBuildFile; fileRef = 7C6CFB162A9A1FB400F24156 /* NetworkError.swift */; };
		7C6CFB192A9A213000F24156 /* DecodingNetworkResponseConverterImpl.swift in Sources */ = {isa = PBXBuildFile; fileRef = 7C6CFB182A9A213000F24156 /* DecodingNetworkResponseConverterImpl.swift */; };
		7C6CFB1C2A9A2D7700F24156 /* BaseRpository.swift in Sources */ = {isa = PBXBuildFile; fileRef = 7C6CFB1B2A9A2D7700F24156 /* BaseRpository.swift */; };
		7C6CFB1E2A9A2E9C00F24156 /* API.swift in Sources */ = {isa = PBXBuildFile; fileRef = 7C6CFB1D2A9A2E9C00F24156 /* API.swift */; };
		7C6CFB242A9A3FD600F24156 /* ItemDetailsRepository.swift in Sources */ = {isa = PBXBuildFile; fileRef = 7C6CFB232A9A3FD600F24156 /* ItemDetailsRepository.swift */; };
		7C6CFB262A9A496C00F24156 /* NBViewControllerPlaceholder.swift in Sources */ = {isa = PBXBuildFile; fileRef = 7C6CFB252A9A496C00F24156 /* NBViewControllerPlaceholder.swift */; };
		7C6CFB2B2A9A4BF500F24156 /* NBViewControllerPlaceholderModel.swift in Sources */ = {isa = PBXBuildFile; fileRef = 7C6CFB2A2A9A4BF500F24156 /* NBViewControllerPlaceholderModel.swift */; };
		7C6CFB2D2A9A61B800F24156 /* NBViewControllerState.swift in Sources */ = {isa = PBXBuildFile; fileRef = 7C6CFB2C2A9A61B800F24156 /* NBViewControllerState.swift */; };
		7C6CFB2F2A9A6FCC00F24156 /* Constants.swift in Sources */ = {isa = PBXBuildFile; fileRef = 7C6CFB2E2A9A6FCC00F24156 /* Constants.swift */; };
		7C6CFB322A9A7D1D00F24156 /* NBCollectionView.swift in Sources */ = {isa = PBXBuildFile; fileRef = 7C6CFB312A9A7D1D00F24156 /* NBCollectionView.swift */; };
		7C6CFB342A9A816400F24156 /* NBCollectionViewModel.swift in Sources */ = {isa = PBXBuildFile; fileRef = 7C6CFB332A9A816400F24156 /* NBCollectionViewModel.swift */; };
		7C6CFB362A9A81AC00F24156 /* NBCollectionViewCellInput.swift in Sources */ = {isa = PBXBuildFile; fileRef = 7C6CFB352A9A81AC00F24156 /* NBCollectionViewCellInput.swift */; };
		7C6CFB392A9A87FF00F24156 /* ItemCollectionViewCell.swift in Sources */ = {isa = PBXBuildFile; fileRef = 7C6CFB382A9A87FF00F24156 /* ItemCollectionViewCell.swift */; };
		7C6CFB3C2A9A895D00F24156 /* ItemCellData.swift in Sources */ = {isa = PBXBuildFile; fileRef = 7C6CFB3B2A9A895D00F24156 /* ItemCellData.swift */; };
		7C7078082A9B3329001CB151 /* UIImage + JPEGQuality.swift in Sources */ = {isa = PBXBuildFile; fileRef = 7C7078072A9B3329001CB151 /* UIImage + JPEGQuality.swift */; };
		7C70780A2A9B3456001CB151 /* UIImageView + load.swift in Sources */ = {isa = PBXBuildFile; fileRef = 7C7078092A9B3456001CB151 /* UIImageView + load.swift */; };
		7C70780C2A9B34BA001CB151 /* UIImageLoader.swift in Sources */ = {isa = PBXBuildFile; fileRef = 7C70780B2A9B34BA001CB151 /* UIImageLoader.swift */; };
		7C7078102A9B718F001CB151 /* DateFormatter + yyyMMdd.swift in Sources */ = {isa = PBXBuildFile; fileRef = 7C70780F2A9B718F001CB151 /* DateFormatter + yyyMMdd.swift */; };
		7C7078122A9B71BD001CB151 /* DateFormatter + ddMMyyyy.swift in Sources */ = {isa = PBXBuildFile; fileRef = 7C7078112A9B71BD001CB151 /* DateFormatter + ddMMyyyy.swift */; };
		7C90FABF2A97F24300E5BE62 /* FeatureFactory.swift in Sources */ = {isa = PBXBuildFile; fileRef = 7C90FABE2A97F24300E5BE62 /* FeatureFactory.swift */; };
		7C90FACB2A97F3D000E5BE62 /* ItemsListViewController.swift in Sources */ = {isa = PBXBuildFile; fileRef = 7C90FACA2A97F3D000E5BE62 /* ItemsListViewController.swift */; };
		7C90FACD2A97F3DE00E5BE62 /* ItemsListPresenter.swift in Sources */ = {isa = PBXBuildFile; fileRef = 7C90FACC2A97F3DE00E5BE62 /* ItemsListPresenter.swift */; };
		7C90FACF2A97F3F200E5BE62 /* ItemsListRouter.swift in Sources */ = {isa = PBXBuildFile; fileRef = 7C90FACE2A97F3F200E5BE62 /* ItemsListRouter.swift */; };
		7C90FAD12A97F3FF00E5BE62 /* ItemsListContract.swift in Sources */ = {isa = PBXBuildFile; fileRef = 7C90FAD02A97F3FF00E5BE62 /* ItemsListContract.swift */; };
		7C90FAD32A97F41A00E5BE62 /* ItemDetailsViewController.swift in Sources */ = {isa = PBXBuildFile; fileRef = 7C90FAD22A97F41A00E5BE62 /* ItemDetailsViewController.swift */; };
		7C90FAD52A97F42E00E5BE62 /* ItemDetailsPresenter.swift in Sources */ = {isa = PBXBuildFile; fileRef = 7C90FAD42A97F42E00E5BE62 /* ItemDetailsPresenter.swift */; };
		7C90FAD72A97F43A00E5BE62 /* ItemDetailsRouter.swift in Sources */ = {isa = PBXBuildFile; fileRef = 7C90FAD62A97F43A00E5BE62 /* ItemDetailsRouter.swift */; };
		7C90FAD92A97F44500E5BE62 /* ItemDetailsContract.swift in Sources */ = {isa = PBXBuildFile; fileRef = 7C90FAD82A97F44500E5BE62 /* ItemDetailsContract.swift */; };
		7C90FADC2A97F7AB00E5BE62 /* BaseRouter.swift in Sources */ = {isa = PBXBuildFile; fileRef = 7C90FADB2A97F7AB00E5BE62 /* BaseRouter.swift */; };
		7C90FADE2A97F8B000E5BE62 /* NBActivityIndicator.swift in Sources */ = {isa = PBXBuildFile; fileRef = 7C90FADD2A97F8B000E5BE62 /* NBActivityIndicator.swift */; };
		7C90FAE02A97F96000E5BE62 /* NBColor.swift in Sources */ = {isa = PBXBuildFile; fileRef = 7C90FADF2A97F96000E5BE62 /* NBColor.swift */; };
		7C90FAE62A97FBAD00E5BE62 /* ItemsListRepository.swift in Sources */ = {isa = PBXBuildFile; fileRef = 7C90FAE52A97FBAD00E5BE62 /* ItemsListRepository.swift */; };
		7C90FAEA2A97FBCD00E5BE62 /* BaseRouterContract.swift in Sources */ = {isa = PBXBuildFile; fileRef = 7C90FAE92A97FBCD00E5BE62 /* BaseRouterContract.swift */; };
		7C90FAEE2A97FD0300E5BE62 /* NetworkClient.swift in Sources */ = {isa = PBXBuildFile; fileRef = 7C90FAED2A97FD0300E5BE62 /* NetworkClient.swift */; };
		7C90FAF02A97FF3C00E5BE62 /* NBViewController.swift in Sources */ = {isa = PBXBuildFile; fileRef = 7C90FAEF2A97FF3C00E5BE62 /* NBViewController.swift */; };
		7CEB56FE2A97EC2C00D520FF /* AppDelegate.swift in Sources */ = {isa = PBXBuildFile; fileRef = 7CEB56FD2A97EC2C00D520FF /* AppDelegate.swift */; };
		7CEB57002A97EC2C00D520FF /* SceneDelegate.swift in Sources */ = {isa = PBXBuildFile; fileRef = 7CEB56FF2A97EC2C00D520FF /* SceneDelegate.swift */; };
		7CEB57072A97EC2D00D520FF /* Assets.xcassets in Resources */ = {isa = PBXBuildFile; fileRef = 7CEB57062A97EC2D00D520FF /* Assets.xcassets */; };
		7CEB570A2A97EC2D00D520FF /* LaunchScreen.storyboard in Resources */ = {isa = PBXBuildFile; fileRef = 7CEB57082A97EC2D00D520FF /* LaunchScreen.storyboard */; };
/* End PBXBuildFile section */

/* Begin PBXFileReference section */
		7C0169602A9BE89300DEF05F /* NBItemDetailsView.swift */ = {isa = PBXFileReference; lastKnownFileType = sourcecode.swift; path = NBItemDetailsView.swift; sourceTree = "<group>"; };
		7C0169622A9BEA1D00DEF05F /* NBItemDetailsViewModel.swift */ = {isa = PBXFileReference; lastKnownFileType = sourcecode.swift; path = NBItemDetailsViewModel.swift; sourceTree = "<group>"; };
		7C0169642A9BEA5700DEF05F /* NBItemDetailsViewInput.swift */ = {isa = PBXFileReference; lastKnownFileType = sourcecode.swift; path = NBItemDetailsViewInput.swift; sourceTree = "<group>"; };
		7C0169672A9BEC0E00DEF05F /* NBItemDetailsViewModelDataImpl.swift */ = {isa = PBXFileReference; lastKnownFileType = sourcecode.swift; path = NBItemDetailsViewModelDataImpl.swift; sourceTree = "<group>"; };
		7C01696A2A9BFE4600DEF05F /* NBGradientImageView.swift */ = {isa = PBXFileReference; lastKnownFileType = sourcecode.swift; path = NBGradientImageView.swift; sourceTree = "<group>"; };
		7C01696D2A9C029100DEF05F /* AddressView.swift */ = {isa = PBXFileReference; lastKnownFileType = sourcecode.swift; path = AddressView.swift; sourceTree = "<group>"; };
		7C01696F2A9C02D500DEF05F /* AddressViewInput.swift */ = {isa = PBXFileReference; lastKnownFileType = sourcecode.swift; path = AddressViewInput.swift; sourceTree = "<group>"; };
		7C0169712A9C02F200DEF05F /* AddressViewModel.swift */ = {isa = PBXFileReference; lastKnownFileType = sourcecode.swift; path = AddressViewModel.swift; sourceTree = "<group>"; };
		7C0169732A9C031600DEF05F /* AddressViewModelDataImpl.swift */ = {isa = PBXFileReference; lastKnownFileType = sourcecode.swift; path = AddressViewModelDataImpl.swift; sourceTree = "<group>"; };
		7C0169752A9C053B00DEF05F /* NBImage.swift */ = {isa = PBXFileReference; lastKnownFileType = sourcecode.swift; path = NBImage.swift; sourceTree = "<group>"; };
		7C0169772A9C112D00DEF05F /* UIView + makeScale.swift */ = {isa = PBXFileReference; lastKnownFileType = sourcecode.swift; path = "UIView + makeScale.swift"; sourceTree = "<group>"; };
		7C6CFB032A9A143900F24156 /* Advertisement.swift */ = {isa = PBXFileReference; lastKnownFileType = sourcecode.swift; path = Advertisement.swift; sourceTree = "<group>"; };
		7C6CFB052A9A157B00F24156 /* AdvertisementsResponse.swift */ = {isa = PBXFileReference; lastKnownFileType = sourcecode.swift; path = AdvertisementsResponse.swift; sourceTree = "<group>"; };
		7C6CFB082A9A181000F24156 /* AdvertisementDetails.swift */ = {isa = PBXFileReference; lastKnownFileType = sourcecode.swift; path = AdvertisementDetails.swift; sourceTree = "<group>"; };
		7C6CFB0A2A9A1D0000F24156 /* HTTPMethod.swift */ = {isa = PBXFileReference; lastKnownFileType = sourcecode.swift; path = HTTPMethod.swift; sourceTree = "<group>"; };
		7C6CFB0D2A9A1E7300F24156 /* RequestBuilder.swift */ = {isa = PBXFileReference; lastKnownFileType = sourcecode.swift; path = RequestBuilder.swift; sourceTree = "<group>"; };
		7C6CFB0F2A9A1EC600F24156 /* NetworkRequestContract.swift */ = {isa = PBXFileReference; lastKnownFileType = sourcecode.swift; path = NetworkRequestContract.swift; sourceTree = "<group>"; };
		7C6CFB122A9A1F4800F24156 /* NetworkResponseConverterOf.swift */ = {isa = PBXFileReference; lastKnownFileType = sourcecode.swift; path = NetworkResponseConverterOf.swift; sourceTree = "<group>"; };
		7C6CFB142A9A1F6600F24156 /* NetworkResponseConverterContract.swift */ = {isa = PBXFileReference; lastKnownFileType = sourcecode.swift; path = NetworkResponseConverterContract.swift; sourceTree = "<group>"; };
		7C6CFB162A9A1FB400F24156 /* NetworkError.swift */ = {isa = PBXFileReference; lastKnownFileType = sourcecode.swift; path = NetworkError.swift; sourceTree = "<group>"; };
		7C6CFB182A9A213000F24156 /* DecodingNetworkResponseConverterImpl.swift */ = {isa = PBXFileReference; lastKnownFileType = sourcecode.swift; path = DecodingNetworkResponseConverterImpl.swift; sourceTree = "<group>"; };
		7C6CFB1B2A9A2D7700F24156 /* BaseRpository.swift */ = {isa = PBXFileReference; lastKnownFileType = sourcecode.swift; path = BaseRpository.swift; sourceTree = "<group>"; };
		7C6CFB1D2A9A2E9C00F24156 /* API.swift */ = {isa = PBXFileReference; lastKnownFileType = sourcecode.swift; path = API.swift; sourceTree = "<group>"; };
		7C6CFB232A9A3FD600F24156 /* ItemDetailsRepository.swift */ = {isa = PBXFileReference; lastKnownFileType = sourcecode.swift; path = ItemDetailsRepository.swift; sourceTree = "<group>"; };
		7C6CFB252A9A496C00F24156 /* NBViewControllerPlaceholder.swift */ = {isa = PBXFileReference; lastKnownFileType = sourcecode.swift; path = NBViewControllerPlaceholder.swift; sourceTree = "<group>"; };
		7C6CFB2A2A9A4BF500F24156 /* NBViewControllerPlaceholderModel.swift */ = {isa = PBXFileReference; lastKnownFileType = sourcecode.swift; path = NBViewControllerPlaceholderModel.swift; sourceTree = "<group>"; };
		7C6CFB2C2A9A61B800F24156 /* NBViewControllerState.swift */ = {isa = PBXFileReference; lastKnownFileType = sourcecode.swift; path = NBViewControllerState.swift; sourceTree = "<group>"; };
		7C6CFB2E2A9A6FCC00F24156 /* Constants.swift */ = {isa = PBXFileReference; lastKnownFileType = sourcecode.swift; path = Constants.swift; sourceTree = "<group>"; };
		7C6CFB312A9A7D1D00F24156 /* NBCollectionView.swift */ = {isa = PBXFileReference; lastKnownFileType = sourcecode.swift; path = NBCollectionView.swift; sourceTree = "<group>"; };
		7C6CFB332A9A816400F24156 /* NBCollectionViewModel.swift */ = {isa = PBXFileReference; lastKnownFileType = sourcecode.swift; path = NBCollectionViewModel.swift; sourceTree = "<group>"; };
		7C6CFB352A9A81AC00F24156 /* NBCollectionViewCellInput.swift */ = {isa = PBXFileReference; lastKnownFileType = sourcecode.swift; path = NBCollectionViewCellInput.swift; sourceTree = "<group>"; };
		7C6CFB382A9A87FF00F24156 /* ItemCollectionViewCell.swift */ = {isa = PBXFileReference; lastKnownFileType = sourcecode.swift; path = ItemCollectionViewCell.swift; sourceTree = "<group>"; };
		7C6CFB3B2A9A895D00F24156 /* ItemCellData.swift */ = {isa = PBXFileReference; lastKnownFileType = sourcecode.swift; path = ItemCellData.swift; sourceTree = "<group>"; };
		7C7078072A9B3329001CB151 /* UIImage + JPEGQuality.swift */ = {isa = PBXFileReference; lastKnownFileType = sourcecode.swift; path = "UIImage + JPEGQuality.swift"; sourceTree = "<group>"; };
		7C7078092A9B3456001CB151 /* UIImageView + load.swift */ = {isa = PBXFileReference; lastKnownFileType = sourcecode.swift; path = "UIImageView + load.swift"; sourceTree = "<group>"; };
		7C70780B2A9B34BA001CB151 /* UIImageLoader.swift */ = {isa = PBXFileReference; lastKnownFileType = sourcecode.swift; path = UIImageLoader.swift; sourceTree = "<group>"; };
		7C70780F2A9B718F001CB151 /* DateFormatter + yyyMMdd.swift */ = {isa = PBXFileReference; lastKnownFileType = sourcecode.swift; path = "DateFormatter + yyyMMdd.swift"; sourceTree = "<group>"; };
		7C7078112A9B71BD001CB151 /* DateFormatter + ddMMyyyy.swift */ = {isa = PBXFileReference; lastKnownFileType = sourcecode.swift; path = "DateFormatter + ddMMyyyy.swift"; sourceTree = "<group>"; };
		7C90FABE2A97F24300E5BE62 /* FeatureFactory.swift */ = {isa = PBXFileReference; lastKnownFileType = sourcecode.swift; path = FeatureFactory.swift; sourceTree = "<group>"; };
		7C90FACA2A97F3D000E5BE62 /* ItemsListViewController.swift */ = {isa = PBXFileReference; lastKnownFileType = sourcecode.swift; path = ItemsListViewController.swift; sourceTree = "<group>"; };
		7C90FACC2A97F3DE00E5BE62 /* ItemsListPresenter.swift */ = {isa = PBXFileReference; lastKnownFileType = sourcecode.swift; path = ItemsListPresenter.swift; sourceTree = "<group>"; };
		7C90FACE2A97F3F200E5BE62 /* ItemsListRouter.swift */ = {isa = PBXFileReference; lastKnownFileType = sourcecode.swift; path = ItemsListRouter.swift; sourceTree = "<group>"; };
		7C90FAD02A97F3FF00E5BE62 /* ItemsListContract.swift */ = {isa = PBXFileReference; lastKnownFileType = sourcecode.swift; path = ItemsListContract.swift; sourceTree = "<group>"; };
		7C90FAD22A97F41A00E5BE62 /* ItemDetailsViewController.swift */ = {isa = PBXFileReference; lastKnownFileType = sourcecode.swift; path = ItemDetailsViewController.swift; sourceTree = "<group>"; };
		7C90FAD42A97F42E00E5BE62 /* ItemDetailsPresenter.swift */ = {isa = PBXFileReference; lastKnownFileType = sourcecode.swift; path = ItemDetailsPresenter.swift; sourceTree = "<group>"; };
		7C90FAD62A97F43A00E5BE62 /* ItemDetailsRouter.swift */ = {isa = PBXFileReference; lastKnownFileType = sourcecode.swift; path = ItemDetailsRouter.swift; sourceTree = "<group>"; };
		7C90FAD82A97F44500E5BE62 /* ItemDetailsContract.swift */ = {isa = PBXFileReference; lastKnownFileType = sourcecode.swift; path = ItemDetailsContract.swift; sourceTree = "<group>"; };
		7C90FADB2A97F7AB00E5BE62 /* BaseRouter.swift */ = {isa = PBXFileReference; lastKnownFileType = sourcecode.swift; path = BaseRouter.swift; sourceTree = "<group>"; };
		7C90FADD2A97F8B000E5BE62 /* NBActivityIndicator.swift */ = {isa = PBXFileReference; lastKnownFileType = sourcecode.swift; path = NBActivityIndicator.swift; sourceTree = "<group>"; };
		7C90FADF2A97F96000E5BE62 /* NBColor.swift */ = {isa = PBXFileReference; lastKnownFileType = sourcecode.swift; path = NBColor.swift; sourceTree = "<group>"; };
		7C90FAE52A97FBAD00E5BE62 /* ItemsListRepository.swift */ = {isa = PBXFileReference; lastKnownFileType = sourcecode.swift; path = ItemsListRepository.swift; sourceTree = "<group>"; };
		7C90FAE92A97FBCD00E5BE62 /* BaseRouterContract.swift */ = {isa = PBXFileReference; lastKnownFileType = sourcecode.swift; path = BaseRouterContract.swift; sourceTree = "<group>"; };
		7C90FAED2A97FD0300E5BE62 /* NetworkClient.swift */ = {isa = PBXFileReference; lastKnownFileType = sourcecode.swift; path = NetworkClient.swift; sourceTree = "<group>"; };
		7C90FAEF2A97FF3C00E5BE62 /* NBViewController.swift */ = {isa = PBXFileReference; lastKnownFileType = sourcecode.swift; path = NBViewController.swift; sourceTree = "<group>"; };
		7CEB56FA2A97EC2C00D520FF /* NoticeBoard.app */ = {isa = PBXFileReference; explicitFileType = wrapper.application; includeInIndex = 0; path = NoticeBoard.app; sourceTree = BUILT_PRODUCTS_DIR; };
		7CEB56FD2A97EC2C00D520FF /* AppDelegate.swift */ = {isa = PBXFileReference; lastKnownFileType = sourcecode.swift; path = AppDelegate.swift; sourceTree = "<group>"; };
		7CEB56FF2A97EC2C00D520FF /* SceneDelegate.swift */ = {isa = PBXFileReference; lastKnownFileType = sourcecode.swift; path = SceneDelegate.swift; sourceTree = "<group>"; };
		7CEB57062A97EC2D00D520FF /* Assets.xcassets */ = {isa = PBXFileReference; lastKnownFileType = folder.assetcatalog; path = Assets.xcassets; sourceTree = "<group>"; };
		7CEB57092A97EC2D00D520FF /* Base */ = {isa = PBXFileReference; lastKnownFileType = file.storyboard; name = Base; path = Base.lproj/LaunchScreen.storyboard; sourceTree = "<group>"; };
		7CEB570B2A97EC2D00D520FF /* Info.plist */ = {isa = PBXFileReference; lastKnownFileType = text.plist.xml; path = Info.plist; sourceTree = "<group>"; };
/* End PBXFileReference section */

/* Begin PBXFrameworksBuildPhase section */
		7CEB56F72A97EC2C00D520FF /* Frameworks */ = {
			isa = PBXFrameworksBuildPhase;
			buildActionMask = 2147483647;
			files = (
			);
			runOnlyForDeploymentPostprocessing = 0;
		};
/* End PBXFrameworksBuildPhase section */

/* Begin PBXGroup section */
		7C01695F2A9BE83A00DEF05F /* Subviews */ = {
			isa = PBXGroup;
			children = (
				7C01696C2A9C026100DEF05F /* AddressView */,
				7C0169662A9BEB0E00DEF05F /* NBItemDetailsView */,
			);
			path = Subviews;
			sourceTree = "<group>";
		};
		7C0169662A9BEB0E00DEF05F /* NBItemDetailsView */ = {
			isa = PBXGroup;
			children = (
				7C0169602A9BE89300DEF05F /* NBItemDetailsView.swift */,
				7C0169622A9BEA1D00DEF05F /* NBItemDetailsViewModel.swift */,
				7C0169642A9BEA5700DEF05F /* NBItemDetailsViewInput.swift */,
				7C0169672A9BEC0E00DEF05F /* NBItemDetailsViewModelDataImpl.swift */,
			);
			path = NBItemDetailsView;
			sourceTree = "<group>";
		};
		7C0169692A9BFE2F00DEF05F /* NBGradientImageView */ = {
			isa = PBXGroup;
			children = (
				7C01696A2A9BFE4600DEF05F /* NBGradientImageView.swift */,
			);
			path = NBGradientImageView;
			sourceTree = "<group>";
		};
		7C01696C2A9C026100DEF05F /* AddressView */ = {
			isa = PBXGroup;
			children = (
				7C01696D2A9C029100DEF05F /* AddressView.swift */,
				7C01696F2A9C02D500DEF05F /* AddressViewInput.swift */,
				7C0169712A9C02F200DEF05F /* AddressViewModel.swift */,
				7C0169732A9C031600DEF05F /* AddressViewModelDataImpl.swift */,
			);
			path = AddressView;
			sourceTree = "<group>";
		};
		7C6CFB022A9A13F800F24156 /* ItemsList */ = {
			isa = PBXGroup;
			children = (
				7C6CFB032A9A143900F24156 /* Advertisement.swift */,
			);
			path = ItemsList;
			sourceTree = "<group>";
		};
		7C6CFB072A9A17EC00F24156 /* ItemDetails */ = {
			isa = PBXGroup;
			children = (
				7C6CFB082A9A181000F24156 /* AdvertisementDetails.swift */,
			);
			path = ItemDetails;
			sourceTree = "<group>";
		};
		7C6CFB0C2A9A1E4E00F24156 /* Networking */ = {
			isa = PBXGroup;
			children = (
				7C6CFB1A2A9A2CC500F24156 /* NetworkClient */,
				7C6CFB112A9A1F2E00F24156 /* Converter */,
				7C6CFB0A2A9A1D0000F24156 /* HTTPMethod.swift */,
				7C6CFB0D2A9A1E7300F24156 /* RequestBuilder.swift */,
				7C6CFB0F2A9A1EC600F24156 /* NetworkRequestContract.swift */,
				7C6CFB162A9A1FB400F24156 /* NetworkError.swift */,
				7C6CFB182A9A213000F24156 /* DecodingNetworkResponseConverterImpl.swift */,
			);
			path = Networking;
			sourceTree = "<group>";
		};
		7C6CFB112A9A1F2E00F24156 /* Converter */ = {
			isa = PBXGroup;
			children = (
				7C6CFB122A9A1F4800F24156 /* NetworkResponseConverterOf.swift */,
				7C6CFB142A9A1F6600F24156 /* NetworkResponseConverterContract.swift */,
			);
			path = Converter;
			sourceTree = "<group>";
		};
		7C6CFB1A2A9A2CC500F24156 /* NetworkClient */ = {
			isa = PBXGroup;
			children = (
				7C90FAED2A97FD0300E5BE62 /* NetworkClient.swift */,
			);
			path = NetworkClient;
			sourceTree = "<group>";
		};
		7C6CFB222A9A3FB800F24156 /* ItemDetails */ = {
			isa = PBXGroup;
			children = (
				7C6CFB232A9A3FD600F24156 /* ItemDetailsRepository.swift */,
			);
			path = ItemDetails;
			sourceTree = "<group>";
		};
		7C6CFB272A9A4BBE00F24156 /* NBActivityIndicator */ = {
			isa = PBXGroup;
			children = (
				7C90FADD2A97F8B000E5BE62 /* NBActivityIndicator.swift */,
			);
			path = NBActivityIndicator;
			sourceTree = "<group>";
		};
		7C6CFB282A9A4BC700F24156 /* NBViewController */ = {
			isa = PBXGroup;
			children = (
				7C90FAEF2A97FF3C00E5BE62 /* NBViewController.swift */,
				7C6CFB2C2A9A61B800F24156 /* NBViewControllerState.swift */,
			);
			path = NBViewController;
			sourceTree = "<group>";
		};
		7C6CFB292A9A4BCA00F24156 /* NBViewControllerPlaceholder */ = {
			isa = PBXGroup;
			children = (
				7C6CFB252A9A496C00F24156 /* NBViewControllerPlaceholder.swift */,
				7C6CFB2A2A9A4BF500F24156 /* NBViewControllerPlaceholderModel.swift */,
			);
			path = NBViewControllerPlaceholder;
			sourceTree = "<group>";
		};
		7C6CFB302A9A7C3700F24156 /* NBCollectionView */ = {
			isa = PBXGroup;
			children = (
				7C6CFB312A9A7D1D00F24156 /* NBCollectionView.swift */,
				7C6CFB332A9A816400F24156 /* NBCollectionViewModel.swift */,
				7C6CFB352A9A81AC00F24156 /* NBCollectionViewCellInput.swift */,
			);
			path = NBCollectionView;
			sourceTree = "<group>";
		};
		7C6CFB372A9A87E100F24156 /* Subviews */ = {
			isa = PBXGroup;
			children = (
				7C6CFB3A2A9A894400F24156 /* ItemCell */,
			);
			path = Subviews;
			sourceTree = "<group>";
		};
		7C6CFB3A2A9A894400F24156 /* ItemCell */ = {
			isa = PBXGroup;
			children = (
				7C6CFB382A9A87FF00F24156 /* ItemCollectionViewCell.swift */,
				7C6CFB3B2A9A895D00F24156 /* ItemCellData.swift */,
			);
			path = ItemCell;
			sourceTree = "<group>";
		};
		7C90FAB32A97EF3D00E5BE62 /* Common */ = {
			isa = PBXGroup;
			children = (
				7C90FAB72A97EFB200E5BE62 /* Application */,
				7C90FAB82A97EFB800E5BE62 /* Assembler */,
				7C90FABA2A97EFEA00E5BE62 /* Data */,
				7C90FABD2A97F03200E5BE62 /* Util */,
				7C90FABB2A97EFFB00E5BE62 /* Extension */,
				7C90FABC2A97F02100E5BE62 /* Protocol */,
				7C90FAB92A97EFD800E5BE62 /* Core */,
			);
			path = Common;
			sourceTree = "<group>";
		};
		7C90FAB42A97EF6500E5BE62 /* Configuration */ = {
			isa = PBXGroup;
			children = (
				7CEB570B2A97EC2D00D520FF /* Info.plist */,
			);
			path = Configuration;
			sourceTree = "<group>";
		};
		7C90FAB52A97EF8100E5BE62 /* Feature */ = {
			isa = PBXGroup;
			children = (
				7C90FAC02A97F33E00E5BE62 /* ItemsList */,
				7C90FAC12A97F35500E5BE62 /* ItemDetails */,
			);
			path = Feature;
			sourceTree = "<group>";
		};
		7C90FAB62A97EF8D00E5BE62 /* Resourses */ = {
			isa = PBXGroup;
			children = (
				7CEB57082A97EC2D00D520FF /* LaunchScreen.storyboard */,
				7CEB57062A97EC2D00D520FF /* Assets.xcassets */,
			);
			path = Resourses;
			sourceTree = "<group>";
		};
		7C90FAB72A97EFB200E5BE62 /* Application */ = {
			isa = PBXGroup;
			children = (
				7C90FADA2A97F79B00E5BE62 /* Base */,
				7CEB56FD2A97EC2C00D520FF /* AppDelegate.swift */,
				7CEB56FF2A97EC2C00D520FF /* SceneDelegate.swift */,
			);
			path = Application;
			sourceTree = "<group>";
		};
		7C90FAB82A97EFB800E5BE62 /* Assembler */ = {
			isa = PBXGroup;
			children = (
				7C90FABE2A97F24300E5BE62 /* FeatureFactory.swift */,
			);
			path = Assembler;
			sourceTree = "<group>";
		};
		7C90FAB92A97EFD800E5BE62 /* Core */ = {
			isa = PBXGroup;
			children = (
				7C0169692A9BFE2F00DEF05F /* NBGradientImageView */,
				7C6CFB282A9A4BC700F24156 /* NBViewController */,
				7C6CFB292A9A4BCA00F24156 /* NBViewControllerPlaceholder */,
				7C6CFB272A9A4BBE00F24156 /* NBActivityIndicator */,
				7C6CFB302A9A7C3700F24156 /* NBCollectionView */,
			);
			path = Core;
			sourceTree = "<group>";
		};
		7C90FABA2A97EFEA00E5BE62 /* Data */ = {
			isa = PBXGroup;
			children = (
				7C6CFB0C2A9A1E4E00F24156 /* Networking */,
				7C90FAE12A97FB3B00E5BE62 /* Model */,
				7C90FAE22A97FB4100E5BE62 /* Repository */,
			);
			path = Data;
			sourceTree = "<group>";
		};
		7C90FABB2A97EFFB00E5BE62 /* Extension */ = {
			isa = PBXGroup;
			children = (
				7C7078072A9B3329001CB151 /* UIImage + JPEGQuality.swift */,
				7C7078092A9B3456001CB151 /* UIImageView + load.swift */,
				7C70780F2A9B718F001CB151 /* DateFormatter + yyyMMdd.swift */,
				7C7078112A9B71BD001CB151 /* DateFormatter + ddMMyyyy.swift */,
				7C0169772A9C112D00DEF05F /* UIView + makeScale.swift */,
			);
			path = Extension;
			sourceTree = "<group>";
		};
		7C90FABC2A97F02100E5BE62 /* Protocol */ = {
			isa = PBXGroup;
			children = (
			);
			path = Protocol;
			sourceTree = "<group>";
		};
		7C90FABD2A97F03200E5BE62 /* Util */ = {
			isa = PBXGroup;
			children = (
				7C6CFB1D2A9A2E9C00F24156 /* API.swift */,
				7C90FADF2A97F96000E5BE62 /* NBColor.swift */,
				7C6CFB2E2A9A6FCC00F24156 /* Constants.swift */,
				7C70780B2A9B34BA001CB151 /* UIImageLoader.swift */,
				7C0169752A9C053B00DEF05F /* NBImage.swift */,
			);
			path = Util;
			sourceTree = "<group>";
		};
		7C90FAC02A97F33E00E5BE62 /* ItemsList */ = {
			isa = PBXGroup;
			children = (
				7C90FAC52A97F38200E5BE62 /* Contract */,
				7C90FAC42A97F37A00E5BE62 /* Router */,
				7C90FAC32A97F37200E5BE62 /* Presenter */,
				7C90FAC22A97F36B00E5BE62 /* View */,
			);
			path = ItemsList;
			sourceTree = "<group>";
		};
		7C90FAC12A97F35500E5BE62 /* ItemDetails */ = {
			isa = PBXGroup;
			children = (
				7C90FAC92A97F3A300E5BE62 /* Contract */,
				7C90FAC82A97F39C00E5BE62 /* Router */,
				7C90FAC72A97F39600E5BE62 /* Presenter */,
				7C90FAC62A97F39200E5BE62 /* View */,
			);
			path = ItemDetails;
			sourceTree = "<group>";
		};
		7C90FAC22A97F36B00E5BE62 /* View */ = {
			isa = PBXGroup;
			children = (
				7C6CFB372A9A87E100F24156 /* Subviews */,
				7C90FACA2A97F3D000E5BE62 /* ItemsListViewController.swift */,
			);
			path = View;
			sourceTree = "<group>";
		};
		7C90FAC32A97F37200E5BE62 /* Presenter */ = {
			isa = PBXGroup;
			children = (
				7C90FACC2A97F3DE00E5BE62 /* ItemsListPresenter.swift */,
			);
			path = Presenter;
			sourceTree = "<group>";
		};
		7C90FAC42A97F37A00E5BE62 /* Router */ = {
			isa = PBXGroup;
			children = (
				7C90FACE2A97F3F200E5BE62 /* ItemsListRouter.swift */,
			);
			path = Router;
			sourceTree = "<group>";
		};
		7C90FAC52A97F38200E5BE62 /* Contract */ = {
			isa = PBXGroup;
			children = (
				7C90FAD02A97F3FF00E5BE62 /* ItemsListContract.swift */,
			);
			path = Contract;
			sourceTree = "<group>";
		};
		7C90FAC62A97F39200E5BE62 /* View */ = {
			isa = PBXGroup;
			children = (
				7C01695F2A9BE83A00DEF05F /* Subviews */,
				7C90FAD22A97F41A00E5BE62 /* ItemDetailsViewController.swift */,
			);
			path = View;
			sourceTree = "<group>";
		};
		7C90FAC72A97F39600E5BE62 /* Presenter */ = {
			isa = PBXGroup;
			children = (
				7C90FAD42A97F42E00E5BE62 /* ItemDetailsPresenter.swift */,
			);
			path = Presenter;
			sourceTree = "<group>";
		};
		7C90FAC82A97F39C00E5BE62 /* Router */ = {
			isa = PBXGroup;
			children = (
				7C90FAD62A97F43A00E5BE62 /* ItemDetailsRouter.swift */,
			);
			path = Router;
			sourceTree = "<group>";
		};
		7C90FAC92A97F3A300E5BE62 /* Contract */ = {
			isa = PBXGroup;
			children = (
				7C90FAD82A97F44500E5BE62 /* ItemDetailsContract.swift */,
			);
			path = Contract;
			sourceTree = "<group>";
		};
		7C90FADA2A97F79B00E5BE62 /* Base */ = {
			isa = PBXGroup;
			children = (
				7C90FAE92A97FBCD00E5BE62 /* BaseRouterContract.swift */,
				7C90FADB2A97F7AB00E5BE62 /* BaseRouter.swift */,
			);
			path = Base;
			sourceTree = "<group>";
		};
		7C90FAE12A97FB3B00E5BE62 /* Model */ = {
			isa = PBXGroup;
			children = (
				7C6CFB052A9A157B00F24156 /* AdvertisementsResponse.swift */,
				7C6CFB022A9A13F800F24156 /* ItemsList */,
				7C6CFB072A9A17EC00F24156 /* ItemDetails */,
			);
			path = Model;
			sourceTree = "<group>";
		};
		7C90FAE22A97FB4100E5BE62 /* Repository */ = {
			isa = PBXGroup;
			children = (
				7C6CFB1B2A9A2D7700F24156 /* BaseRpository.swift */,
				7C90FAE32A97FB6F00E5BE62 /* ItemsList */,
				7C6CFB222A9A3FB800F24156 /* ItemDetails */,
			);
			path = Repository;
			sourceTree = "<group>";
		};
		7C90FAE32A97FB6F00E5BE62 /* ItemsList */ = {
			isa = PBXGroup;
			children = (
				7C90FAE52A97FBAD00E5BE62 /* ItemsListRepository.swift */,
			);
			path = ItemsList;
			sourceTree = "<group>";
		};
		7CEB56F12A97EC2C00D520FF = {
			isa = PBXGroup;
			children = (
				7CEB56FC2A97EC2C00D520FF /* NoticeBoard */,
				7CEB56FB2A97EC2C00D520FF /* Products */,
			);
			sourceTree = "<group>";
		};
		7CEB56FB2A97EC2C00D520FF /* Products */ = {
			isa = PBXGroup;
			children = (
				7CEB56FA2A97EC2C00D520FF /* NoticeBoard.app */,
			);
			name = Products;
			sourceTree = "<group>";
		};
		7CEB56FC2A97EC2C00D520FF /* NoticeBoard */ = {
			isa = PBXGroup;
			children = (
				7C90FAB42A97EF6500E5BE62 /* Configuration */,
				7C90FAB32A97EF3D00E5BE62 /* Common */,
				7C90FAB52A97EF8100E5BE62 /* Feature */,
				7C90FAB62A97EF8D00E5BE62 /* Resourses */,
			);
			path = NoticeBoard;
			sourceTree = "<group>";
		};
/* End PBXGroup section */

/* Begin PBXNativeTarget section */
		7CEB56F92A97EC2C00D520FF /* NoticeBoard */ = {
			isa = PBXNativeTarget;
			buildConfigurationList = 7CEB570E2A97EC2D00D520FF /* Build configuration list for PBXNativeTarget "NoticeBoard" */;
			buildPhases = (
				7CEB56F62A97EC2C00D520FF /* Sources */,
				7CEB56F72A97EC2C00D520FF /* Frameworks */,
				7CEB56F82A97EC2C00D520FF /* Resources */,
			);
			buildRules = (
			);
			dependencies = (
			);
			name = NoticeBoard;
			productName = NoticeBoard;
			productReference = 7CEB56FA2A97EC2C00D520FF /* NoticeBoard.app */;
			productType = "com.apple.product-type.application";
		};
/* End PBXNativeTarget section */

/* Begin PBXProject section */
		7CEB56F22A97EC2C00D520FF /* Project object */ = {
			isa = PBXProject;
			attributes = {
				BuildIndependentTargetsInParallel = 1;
				LastSwiftUpdateCheck = 1420;
				LastUpgradeCheck = 1420;
				TargetAttributes = {
					7CEB56F92A97EC2C00D520FF = {
						CreatedOnToolsVersion = 14.2;
					};
				};
			};
			buildConfigurationList = 7CEB56F52A97EC2C00D520FF /* Build configuration list for PBXProject "NoticeBoard" */;
			compatibilityVersion = "Xcode 14.0";
			developmentRegion = en;
			hasScannedForEncodings = 0;
			knownRegions = (
				en,
				Base,
			);
			mainGroup = 7CEB56F12A97EC2C00D520FF;
			productRefGroup = 7CEB56FB2A97EC2C00D520FF /* Products */;
			projectDirPath = "";
			projectRoot = "";
			targets = (
				7CEB56F92A97EC2C00D520FF /* NoticeBoard */,
			);
		};
/* End PBXProject section */

/* Begin PBXResourcesBuildPhase section */
		7CEB56F82A97EC2C00D520FF /* Resources */ = {
			isa = PBXResourcesBuildPhase;
			buildActionMask = 2147483647;
			files = (
				7CEB570A2A97EC2D00D520FF /* LaunchScreen.storyboard in Resources */,
				7CEB57072A97EC2D00D520FF /* Assets.xcassets in Resources */,
			);
			runOnlyForDeploymentPostprocessing = 0;
		};
/* End PBXResourcesBuildPhase section */

/* Begin PBXSourcesBuildPhase section */
		7CEB56F62A97EC2C00D520FF /* Sources */ = {
			isa = PBXSourcesBuildPhase;
			buildActionMask = 2147483647;
			files = (
				7CEB56FE2A97EC2C00D520FF /* AppDelegate.swift in Sources */,
				7C6CFB2B2A9A4BF500F24156 /* NBViewControllerPlaceholderModel.swift in Sources */,
				7C6CFB1C2A9A2D7700F24156 /* BaseRpository.swift in Sources */,
				7C0169762A9C053B00DEF05F /* NBImage.swift in Sources */,
				7C6CFB172A9A1FB400F24156 /* NetworkError.swift in Sources */,
				7C0169702A9C02D500DEF05F /* AddressViewInput.swift in Sources */,
				7C90FADC2A97F7AB00E5BE62 /* BaseRouter.swift in Sources */,
				7C6CFB1E2A9A2E9C00F24156 /* API.swift in Sources */,
				7C90FADE2A97F8B000E5BE62 /* NBActivityIndicator.swift in Sources */,
				7C0169682A9BEC0E00DEF05F /* NBItemDetailsViewModelDataImpl.swift in Sources */,
				7C90FAD52A97F42E00E5BE62 /* ItemDetailsPresenter.swift in Sources */,
				7C90FAD72A97F43A00E5BE62 /* ItemDetailsRouter.swift in Sources */,
				7C90FAE02A97F96000E5BE62 /* NBColor.swift in Sources */,
				7C6CFB2D2A9A61B800F24156 /* NBViewControllerState.swift in Sources */,
				7C01696E2A9C029100DEF05F /* AddressView.swift in Sources */,
				7C90FAD92A97F44500E5BE62 /* ItemDetailsContract.swift in Sources */,
				7C6CFB392A9A87FF00F24156 /* ItemCollectionViewCell.swift in Sources */,
				7C6CFB262A9A496C00F24156 /* NBViewControllerPlaceholder.swift in Sources */,
				7C90FACB2A97F3D000E5BE62 /* ItemsListViewController.swift in Sources */,
				7C6CFB242A9A3FD600F24156 /* ItemDetailsRepository.swift in Sources */,
				7C0169612A9BE89300DEF05F /* NBItemDetailsView.swift in Sources */,
				7C90FAF02A97FF3C00E5BE62 /* NBViewController.swift in Sources */,
				7C90FABF2A97F24300E5BE62 /* FeatureFactory.swift in Sources */,
				7C70780C2A9B34BA001CB151 /* UIImageLoader.swift in Sources */,
				7C6CFB362A9A81AC00F24156 /* NBCollectionViewCellInput.swift in Sources */,
				7C6CFB092A9A181000F24156 /* AdvertisementDetails.swift in Sources */,
				7C90FACF2A97F3F200E5BE62 /* ItemsListRouter.swift in Sources */,
				7C6CFB342A9A816400F24156 /* NBCollectionViewModel.swift in Sources */,
				7C6CFB192A9A213000F24156 /* DecodingNetworkResponseConverterImpl.swift in Sources */,
				7C0169722A9C02F200DEF05F /* AddressViewModel.swift in Sources */,
				7C0169742A9C031600DEF05F /* AddressViewModelDataImpl.swift in Sources */,
				7C6CFB322A9A7D1D00F24156 /* NBCollectionView.swift in Sources */,
				7C90FAE62A97FBAD00E5BE62 /* ItemsListRepository.swift in Sources */,
				7C6CFB152A9A1F6600F24156 /* NetworkResponseConverterContract.swift in Sources */,
				7C6CFB0E2A9A1E7300F24156 /* RequestBuilder.swift in Sources */,
				7C0169652A9BEA5700DEF05F /* NBItemDetailsViewInput.swift in Sources */,
				7C6CFB042A9A143900F24156 /* Advertisement.swift in Sources */,
				7C0169782A9C112D00DEF05F /* UIView + makeScale.swift in Sources */,
				7CEB57002A97EC2C00D520FF /* SceneDelegate.swift in Sources */,
				7C01696B2A9BFE4600DEF05F /* NBGradientImageView.swift in Sources */,
				7C7078082A9B3329001CB151 /* UIImage + JPEGQuality.swift in Sources */,
				7C6CFB2F2A9A6FCC00F24156 /* Constants.swift in Sources */,
				7C90FACD2A97F3DE00E5BE62 /* ItemsListPresenter.swift in Sources */,
				7C7078122A9B71BD001CB151 /* DateFormatter + ddMMyyyy.swift in Sources */,
				7C90FAD32A97F41A00E5BE62 /* ItemDetailsViewController.swift in Sources */,
				7C90FAD12A97F3FF00E5BE62 /* ItemsListContract.swift in Sources */,
				7C0169632A9BEA1D00DEF05F /* NBItemDetailsViewModel.swift in Sources */,
				7C6CFB0B2A9A1D0000F24156 /* HTTPMethod.swift in Sources */,
				7C90FAEE2A97FD0300E5BE62 /* NetworkClient.swift in Sources */,
				7C6CFB132A9A1F4800F24156 /* NetworkResponseConverterOf.swift in Sources */,
				7C6CFB062A9A157B00F24156 /* AdvertisementsResponse.swift in Sources */,
				7C7078102A9B718F001CB151 /* DateFormatter + yyyMMdd.swift in Sources */,
				7C70780A2A9B3456001CB151 /* UIImageView + load.swift in Sources */,
				7C90FAEA2A97FBCD00E5BE62 /* BaseRouterContract.swift in Sources */,
				7C6CFB3C2A9A895D00F24156 /* ItemCellData.swift in Sources */,
				7C6CFB102A9A1EC600F24156 /* NetworkRequestContract.swift in Sources */,
			);
			runOnlyForDeploymentPostprocessing = 0;
		};
/* End PBXSourcesBuildPhase section */

/* Begin PBXVariantGroup section */
		7CEB57082A97EC2D00D520FF /* LaunchScreen.storyboard */ = {
			isa = PBXVariantGroup;
			children = (
				7CEB57092A97EC2D00D520FF /* Base */,
			);
			name = LaunchScreen.storyboard;
			sourceTree = "<group>";
		};
/* End PBXVariantGroup section */

/* Begin XCBuildConfiguration section */
		7CEB570C2A97EC2D00D520FF /* Debug */ = {
			isa = XCBuildConfiguration;
			buildSettings = {
				ALWAYS_SEARCH_USER_PATHS = NO;
				CLANG_ANALYZER_NONNULL = YES;
				CLANG_ANALYZER_NUMBER_OBJECT_CONVERSION = YES_AGGRESSIVE;
				CLANG_CXX_LANGUAGE_STANDARD = "gnu++20";
				CLANG_ENABLE_MODULES = YES;
				CLANG_ENABLE_OBJC_ARC = YES;
				CLANG_ENABLE_OBJC_WEAK = YES;
				CLANG_WARN_BLOCK_CAPTURE_AUTORELEASING = YES;
				CLANG_WARN_BOOL_CONVERSION = YES;
				CLANG_WARN_COMMA = YES;
				CLANG_WARN_CONSTANT_CONVERSION = YES;
				CLANG_WARN_DEPRECATED_OBJC_IMPLEMENTATIONS = YES;
				CLANG_WARN_DIRECT_OBJC_ISA_USAGE = YES_ERROR;
				CLANG_WARN_DOCUMENTATION_COMMENTS = YES;
				CLANG_WARN_EMPTY_BODY = YES;
				CLANG_WARN_ENUM_CONVERSION = YES;
				CLANG_WARN_INFINITE_RECURSION = YES;
				CLANG_WARN_INT_CONVERSION = YES;
				CLANG_WARN_NON_LITERAL_NULL_CONVERSION = YES;
				CLANG_WARN_OBJC_IMPLICIT_RETAIN_SELF = YES;
				CLANG_WARN_OBJC_LITERAL_CONVERSION = YES;
				CLANG_WARN_OBJC_ROOT_CLASS = YES_ERROR;
				CLANG_WARN_QUOTED_INCLUDE_IN_FRAMEWORK_HEADER = YES;
				CLANG_WARN_RANGE_LOOP_ANALYSIS = YES;
				CLANG_WARN_STRICT_PROTOTYPES = YES;
				CLANG_WARN_SUSPICIOUS_MOVE = YES;
				CLANG_WARN_UNGUARDED_AVAILABILITY = YES_AGGRESSIVE;
				CLANG_WARN_UNREACHABLE_CODE = YES;
				CLANG_WARN__DUPLICATE_METHOD_MATCH = YES;
				COPY_PHASE_STRIP = NO;
				DEBUG_INFORMATION_FORMAT = dwarf;
				ENABLE_STRICT_OBJC_MSGSEND = YES;
				ENABLE_TESTABILITY = YES;
				GCC_C_LANGUAGE_STANDARD = gnu11;
				GCC_DYNAMIC_NO_PIC = NO;
				GCC_NO_COMMON_BLOCKS = YES;
				GCC_OPTIMIZATION_LEVEL = 0;
				GCC_PREPROCESSOR_DEFINITIONS = (
					"DEBUG=1",
					"$(inherited)",
				);
				GCC_WARN_64_TO_32_BIT_CONVERSION = YES;
				GCC_WARN_ABOUT_RETURN_TYPE = YES_ERROR;
				GCC_WARN_UNDECLARED_SELECTOR = YES;
				GCC_WARN_UNINITIALIZED_AUTOS = YES_AGGRESSIVE;
				GCC_WARN_UNUSED_FUNCTION = YES;
				GCC_WARN_UNUSED_VARIABLE = YES;
				IPHONEOS_DEPLOYMENT_TARGET = 14.0;
				MTL_ENABLE_DEBUG_INFO = INCLUDE_SOURCE;
				MTL_FAST_MATH = YES;
				ONLY_ACTIVE_ARCH = YES;
				SDKROOT = iphoneos;
				SWIFT_ACTIVE_COMPILATION_CONDITIONS = DEBUG;
				SWIFT_OPTIMIZATION_LEVEL = "-Onone";
			};
			name = Debug;
		};
		7CEB570D2A97EC2D00D520FF /* Release */ = {
			isa = XCBuildConfiguration;
			buildSettings = {
				ALWAYS_SEARCH_USER_PATHS = NO;
				CLANG_ANALYZER_NONNULL = YES;
				CLANG_ANALYZER_NUMBER_OBJECT_CONVERSION = YES_AGGRESSIVE;
				CLANG_CXX_LANGUAGE_STANDARD = "gnu++20";
				CLANG_ENABLE_MODULES = YES;
				CLANG_ENABLE_OBJC_ARC = YES;
				CLANG_ENABLE_OBJC_WEAK = YES;
				CLANG_WARN_BLOCK_CAPTURE_AUTORELEASING = YES;
				CLANG_WARN_BOOL_CONVERSION = YES;
				CLANG_WARN_COMMA = YES;
				CLANG_WARN_CONSTANT_CONVERSION = YES;
				CLANG_WARN_DEPRECATED_OBJC_IMPLEMENTATIONS = YES;
				CLANG_WARN_DIRECT_OBJC_ISA_USAGE = YES_ERROR;
				CLANG_WARN_DOCUMENTATION_COMMENTS = YES;
				CLANG_WARN_EMPTY_BODY = YES;
				CLANG_WARN_ENUM_CONVERSION = YES;
				CLANG_WARN_INFINITE_RECURSION = YES;
				CLANG_WARN_INT_CONVERSION = YES;
				CLANG_WARN_NON_LITERAL_NULL_CONVERSION = YES;
				CLANG_WARN_OBJC_IMPLICIT_RETAIN_SELF = YES;
				CLANG_WARN_OBJC_LITERAL_CONVERSION = YES;
				CLANG_WARN_OBJC_ROOT_CLASS = YES_ERROR;
				CLANG_WARN_QUOTED_INCLUDE_IN_FRAMEWORK_HEADER = YES;
				CLANG_WARN_RANGE_LOOP_ANALYSIS = YES;
				CLANG_WARN_STRICT_PROTOTYPES = YES;
				CLANG_WARN_SUSPICIOUS_MOVE = YES;
				CLANG_WARN_UNGUARDED_AVAILABILITY = YES_AGGRESSIVE;
				CLANG_WARN_UNREACHABLE_CODE = YES;
				CLANG_WARN__DUPLICATE_METHOD_MATCH = YES;
				COPY_PHASE_STRIP = NO;
				DEBUG_INFORMATION_FORMAT = "dwarf-with-dsym";
				ENABLE_NS_ASSERTIONS = NO;
				ENABLE_STRICT_OBJC_MSGSEND = YES;
				GCC_C_LANGUAGE_STANDARD = gnu11;
				GCC_NO_COMMON_BLOCKS = YES;
				GCC_WARN_64_TO_32_BIT_CONVERSION = YES;
				GCC_WARN_ABOUT_RETURN_TYPE = YES_ERROR;
				GCC_WARN_UNDECLARED_SELECTOR = YES;
				GCC_WARN_UNINITIALIZED_AUTOS = YES_AGGRESSIVE;
				GCC_WARN_UNUSED_FUNCTION = YES;
				GCC_WARN_UNUSED_VARIABLE = YES;
				IPHONEOS_DEPLOYMENT_TARGET = 14.0;
				MTL_ENABLE_DEBUG_INFO = NO;
				MTL_FAST_MATH = YES;
				SDKROOT = iphoneos;
				SWIFT_COMPILATION_MODE = wholemodule;
				SWIFT_OPTIMIZATION_LEVEL = "-O";
				VALIDATE_PRODUCT = YES;
			};
			name = Release;
		};
		7CEB570F2A97EC2D00D520FF /* Debug */ = {
			isa = XCBuildConfiguration;
			buildSettings = {
				ASSETCATALOG_COMPILER_APPICON_NAME = AppIcon;
				ASSETCATALOG_COMPILER_GLOBAL_ACCENT_COLOR_NAME = AccentColor;
				CODE_SIGN_STYLE = Automatic;
				CURRENT_PROJECT_VERSION = 1;
				DEVELOPMENT_TEAM = MYR4RY57UC;
				GENERATE_INFOPLIST_FILE = YES;
				INFOPLIST_FILE = NoticeBoard/Configuration/Info.plist;
				INFOPLIST_KEY_CFBundleDisplayName = "Доска Объявлений";
				INFOPLIST_KEY_UIApplicationSupportsIndirectInputEvents = YES;
				INFOPLIST_KEY_UILaunchStoryboardName = LaunchScreen;
				INFOPLIST_KEY_UIMainStoryboardFile = "";
				INFOPLIST_KEY_UISupportedInterfaceOrientations = UIInterfaceOrientationPortrait;
				INFOPLIST_KEY_UISupportedInterfaceOrientations_iPad = "UIInterfaceOrientationPortrait UIInterfaceOrientationPortraitUpsideDown";
				IPHONEOS_DEPLOYMENT_TARGET = 14.0;
				LD_RUNPATH_SEARCH_PATHS = (
					"$(inherited)",
					"@executable_path/Frameworks",
				);
				MARKETING_VERSION = 1.0;
				PRODUCT_BUNDLE_IDENTIFIER = com.zhoraagadzhanyan.NoticeBoard;
				PRODUCT_NAME = "$(TARGET_NAME)";
				SWIFT_EMIT_LOC_STRINGS = YES;
				SWIFT_VERSION = 5.0;
				TARGETED_DEVICE_FAMILY = "1,2";
			};
			name = Debug;
		};
		7CEB57102A97EC2D00D520FF /* Release */ = {
			isa = XCBuildConfiguration;
			buildSettings = {
				ASSETCATALOG_COMPILER_APPICON_NAME = AppIcon;
				ASSETCATALOG_COMPILER_GLOBAL_ACCENT_COLOR_NAME = AccentColor;
				CODE_SIGN_STYLE = Automatic;
				CURRENT_PROJECT_VERSION = 1;
				DEVELOPMENT_TEAM = MYR4RY57UC;
				GENERATE_INFOPLIST_FILE = YES;
				INFOPLIST_FILE = NoticeBoard/Configuration/Info.plist;
				INFOPLIST_KEY_CFBundleDisplayName = "Доска Объявлений";
				INFOPLIST_KEY_UIApplicationSupportsIndirectInputEvents = YES;
				INFOPLIST_KEY_UILaunchStoryboardName = LaunchScreen;
				INFOPLIST_KEY_UIMainStoryboardFile = "";
				INFOPLIST_KEY_UISupportedInterfaceOrientations = UIInterfaceOrientationPortrait;
				INFOPLIST_KEY_UISupportedInterfaceOrientations_iPad = "UIInterfaceOrientationPortrait UIInterfaceOrientationPortraitUpsideDown";
				IPHONEOS_DEPLOYMENT_TARGET = 14.0;
				LD_RUNPATH_SEARCH_PATHS = (
					"$(inherited)",
					"@executable_path/Frameworks",
				);
				MARKETING_VERSION = 1.0;
				PRODUCT_BUNDLE_IDENTIFIER = com.zhoraagadzhanyan.NoticeBoard;
				PRODUCT_NAME = "$(TARGET_NAME)";
				SWIFT_EMIT_LOC_STRINGS = YES;
				SWIFT_VERSION = 5.0;
				TARGETED_DEVICE_FAMILY = "1,2";
			};
			name = Release;
		};
/* End XCBuildConfiguration section */

/* Begin XCConfigurationList section */
		7CEB56F52A97EC2C00D520FF /* Build configuration list for PBXProject "NoticeBoard" */ = {
			isa = XCConfigurationList;
			buildConfigurations = (
				7CEB570C2A97EC2D00D520FF /* Debug */,
				7CEB570D2A97EC2D00D520FF /* Release */,
			);
			defaultConfigurationIsVisible = 0;
			defaultConfigurationName = Release;
		};
		7CEB570E2A97EC2D00D520FF /* Build configuration list for PBXNativeTarget "NoticeBoard" */ = {
			isa = XCConfigurationList;
			buildConfigurations = (
				7CEB570F2A97EC2D00D520FF /* Debug */,
				7CEB57102A97EC2D00D520FF /* Release */,
			);
			defaultConfigurationIsVisible = 0;
			defaultConfigurationName = Release;
		};
/* End XCConfigurationList section */
	};
	rootObject = 7CEB56F22A97EC2C00D520FF /* Project object */;
}
