// !$*UTF8*$!
{
	archiveVersion = 1;
	classes = {
	};
	objectVersion = 56;
	objects = {

/* Begin PBXBuildFile section */
		7C90FABF2A97F24300E5BE62 /* FeatureFactory.swift in Sources */ = {isa = PBXBuildFile; fileRef = 7C90FABE2A97F24300E5BE62 /* FeatureFactory.swift */; };
		7C90FACB2A97F3D000E5BE62 /* ItemsListViewController.swift in Sources */ = {isa = PBXBuildFile; fileRef = 7C90FACA2A97F3D000E5BE62 /* ItemsListViewController.swift */; };
		7C90FACD2A97F3DE00E5BE62 /* ItemsListPresenter.swift in Sources */ = {isa = PBXBuildFile; fileRef = 7C90FACC2A97F3DE00E5BE62 /* ItemsListPresenter.swift */; };
		7C90FACF2A97F3F200E5BE62 /* ItemsListRouter.swift in Sources */ = {isa = PBXBuildFile; fileRef = 7C90FACE2A97F3F200E5BE62 /* ItemsListRouter.swift */; };
		7C90FAD12A97F3FF00E5BE62 /* ItemsListContract.swift in Sources */ = {isa = PBXBuildFile; fileRef = 7C90FAD02A97F3FF00E5BE62 /* ItemsListContract.swift */; };
		7C90FAD32A97F41A00E5BE62 /* ItemDetailsViewController.swift in Sources */ = {isa = PBXBuildFile; fileRef = 7C90FAD22A97F41A00E5BE62 /* ItemDetailsViewController.swift */; };
		7C90FAD52A97F42E00E5BE62 /* ItemDetailsPresenter.swift in Sources */ = {isa = PBXBuildFile; fileRef = 7C90FAD42A97F42E00E5BE62 /* ItemDetailsPresenter.swift */; };
		7C90FAD72A97F43A00E5BE62 /* ItemDetailsRouter.swift in Sources */ = {isa = PBXBuildFile; fileRef = 7C90FAD62A97F43A00E5BE62 /* ItemDetailsRouter.swift */; };
		7C90FAD92A97F44500E5BE62 /* ItemDetailsContract.swift in Sources */ = {isa = PBXBuildFile; fileRef = 7C90FAD82A97F44500E5BE62 /* ItemDetailsContract.swift */; };
		7C90FADC2A97F7AB00E5BE62 /* BaseRouter.swift in Sources */ = {isa = PBXBuildFile; fileRef = 7C90FADB2A97F7AB00E5BE62 /* BaseRouter.swift */; };
		7C90FADE2A97F8B000E5BE62 /* NBActivityIndicator.swift in Sources */ = {isa = PBXBuildFile; fileRef = 7C90FADD2A97F8B000E5BE62 /* NBActivityIndicator.swift */; };
		7C90FAE02A97F96000E5BE62 /* NBColor.swift in Sources */ = {isa = PBXBuildFile; fileRef = 7C90FADF2A97F96000E5BE62 /* NBColor.swift */; };
		7C90FAE62A97FBAD00E5BE62 /* ItemsListRepositoryImpl.swift in Sources */ = {isa = PBXBuildFile; fileRef = 7C90FAE52A97FBAD00E5BE62 /* ItemsListRepositoryImpl.swift */; };
		7C90FAE82A97FBBA00E5BE62 /* ItemsListRepositoryContract.swift in Sources */ = {isa = PBXBuildFile; fileRef = 7C90FAE72A97FBBA00E5BE62 /* ItemsListRepositoryContract.swift */; };
		7C90FAEA2A97FBCD00E5BE62 /* BaseRouterContract.swift in Sources */ = {isa = PBXBuildFile; fileRef = 7C90FAE92A97FBCD00E5BE62 /* BaseRouterContract.swift */; };
		7C90FAEC2A97FCC500E5BE62 /* NBDefaultError.swift in Sources */ = {isa = PBXBuildFile; fileRef = 7C90FAEB2A97FCC500E5BE62 /* NBDefaultError.swift */; };
		7C90FAEE2A97FD0300E5BE62 /* BaseRepository.swift in Sources */ = {isa = PBXBuildFile; fileRef = 7C90FAED2A97FD0300E5BE62 /* BaseRepository.swift */; };
		7C90FAF02A97FF3C00E5BE62 /* NBViewController.swift in Sources */ = {isa = PBXBuildFile; fileRef = 7C90FAEF2A97FF3C00E5BE62 /* NBViewController.swift */; };
		7CEB56FE2A97EC2C00D520FF /* AppDelegate.swift in Sources */ = {isa = PBXBuildFile; fileRef = 7CEB56FD2A97EC2C00D520FF /* AppDelegate.swift */; };
		7CEB57002A97EC2C00D520FF /* SceneDelegate.swift in Sources */ = {isa = PBXBuildFile; fileRef = 7CEB56FF2A97EC2C00D520FF /* SceneDelegate.swift */; };
		7CEB57072A97EC2D00D520FF /* Assets.xcassets in Resources */ = {isa = PBXBuildFile; fileRef = 7CEB57062A97EC2D00D520FF /* Assets.xcassets */; };
		7CEB570A2A97EC2D00D520FF /* LaunchScreen.storyboard in Resources */ = {isa = PBXBuildFile; fileRef = 7CEB57082A97EC2D00D520FF /* LaunchScreen.storyboard */; };
/* End PBXBuildFile section */

/* Begin PBXFileReference section */
		7C90FABE2A97F24300E5BE62 /* FeatureFactory.swift */ = {isa = PBXFileReference; lastKnownFileType = sourcecode.swift; path = FeatureFactory.swift; sourceTree = "<group>"; };
		7C90FACA2A97F3D000E5BE62 /* ItemsListViewController.swift */ = {isa = PBXFileReference; lastKnownFileType = sourcecode.swift; path = ItemsListViewController.swift; sourceTree = "<group>"; };
		7C90FACC2A97F3DE00E5BE62 /* ItemsListPresenter.swift */ = {isa = PBXFileReference; lastKnownFileType = sourcecode.swift; path = ItemsListPresenter.swift; sourceTree = "<group>"; };
		7C90FACE2A97F3F200E5BE62 /* ItemsListRouter.swift */ = {isa = PBXFileReference; lastKnownFileType = sourcecode.swift; path = ItemsListRouter.swift; sourceTree = "<group>"; };
		7C90FAD02A97F3FF00E5BE62 /* ItemsListContract.swift */ = {isa = PBXFileReference; lastKnownFileType = sourcecode.swift; path = ItemsListContract.swift; sourceTree = "<group>"; };
		7C90FAD22A97F41A00E5BE62 /* ItemDetailsViewController.swift */ = {isa = PBXFileReference; lastKnownFileType = sourcecode.swift; path = ItemDetailsViewController.swift; sourceTree = "<group>"; };
		7C90FAD42A97F42E00E5BE62 /* ItemDetailsPresenter.swift */ = {isa = PBXFileReference; lastKnownFileType = sourcecode.swift; path = ItemDetailsPresenter.swift; sourceTree = "<group>"; };
		7C90FAD62A97F43A00E5BE62 /* ItemDetailsRouter.swift */ = {isa = PBXFileReference; lastKnownFileType = sourcecode.swift; path = ItemDetailsRouter.swift; sourceTree = "<group>"; };
		7C90FAD82A97F44500E5BE62 /* ItemDetailsContract.swift */ = {isa = PBXFileReference; lastKnownFileType = sourcecode.swift; path = ItemDetailsContract.swift; sourceTree = "<group>"; };
		7C90FADB2A97F7AB00E5BE62 /* BaseRouter.swift */ = {isa = PBXFileReference; lastKnownFileType = sourcecode.swift; path = BaseRouter.swift; sourceTree = "<group>"; };
		7C90FADD2A97F8B000E5BE62 /* NBActivityIndicator.swift */ = {isa = PBXFileReference; lastKnownFileType = sourcecode.swift; path = NBActivityIndicator.swift; sourceTree = "<group>"; };
		7C90FADF2A97F96000E5BE62 /* NBColor.swift */ = {isa = PBXFileReference; lastKnownFileType = sourcecode.swift; path = NBColor.swift; sourceTree = "<group>"; };
		7C90FAE52A97FBAD00E5BE62 /* ItemsListRepositoryImpl.swift */ = {isa = PBXFileReference; lastKnownFileType = sourcecode.swift; path = ItemsListRepositoryImpl.swift; sourceTree = "<group>"; };
		7C90FAE72A97FBBA00E5BE62 /* ItemsListRepositoryContract.swift */ = {isa = PBXFileReference; lastKnownFileType = sourcecode.swift; path = ItemsListRepositoryContract.swift; sourceTree = "<group>"; };
		7C90FAE92A97FBCD00E5BE62 /* BaseRouterContract.swift */ = {isa = PBXFileReference; lastKnownFileType = sourcecode.swift; path = BaseRouterContract.swift; sourceTree = "<group>"; };
		7C90FAEB2A97FCC500E5BE62 /* NBDefaultError.swift */ = {isa = PBXFileReference; lastKnownFileType = sourcecode.swift; path = NBDefaultError.swift; sourceTree = "<group>"; };
		7C90FAED2A97FD0300E5BE62 /* BaseRepository.swift */ = {isa = PBXFileReference; lastKnownFileType = sourcecode.swift; path = BaseRepository.swift; sourceTree = "<group>"; };
		7C90FAEF2A97FF3C00E5BE62 /* NBViewController.swift */ = {isa = PBXFileReference; lastKnownFileType = sourcecode.swift; path = NBViewController.swift; sourceTree = "<group>"; };
		7CEB56FA2A97EC2C00D520FF /* NoticeBoard.app */ = {isa = PBXFileReference; explicitFileType = wrapper.application; includeInIndex = 0; path = NoticeBoard.app; sourceTree = BUILT_PRODUCTS_DIR; };
		7CEB56FD2A97EC2C00D520FF /* AppDelegate.swift */ = {isa = PBXFileReference; lastKnownFileType = sourcecode.swift; path = AppDelegate.swift; sourceTree = "<group>"; };
		7CEB56FF2A97EC2C00D520FF /* SceneDelegate.swift */ = {isa = PBXFileReference; lastKnownFileType = sourcecode.swift; path = SceneDelegate.swift; sourceTree = "<group>"; };
		7CEB57062A97EC2D00D520FF /* Assets.xcassets */ = {isa = PBXFileReference; lastKnownFileType = folder.assetcatalog; path = Assets.xcassets; sourceTree = "<group>"; };
		7CEB57092A97EC2D00D520FF /* Base */ = {isa = PBXFileReference; lastKnownFileType = file.storyboard; name = Base; path = Base.lproj/LaunchScreen.storyboard; sourceTree = "<group>"; };
		7CEB570B2A97EC2D00D520FF /* Info.plist */ = {isa = PBXFileReference; lastKnownFileType = text.plist.xml; path = Info.plist; sourceTree = "<group>"; };
/* End PBXFileReference section */

/* Begin PBXFrameworksBuildPhase section */
		7CEB56F72A97EC2C00D520FF /* Frameworks */ = {
			isa = PBXFrameworksBuildPhase;
			buildActionMask = 2147483647;
			files = (
			);
			runOnlyForDeploymentPostprocessing = 0;
		};
/* End PBXFrameworksBuildPhase section */

/* Begin PBXGroup section */
		7C90FAB32A97EF3D00E5BE62 /* Common */ = {
			isa = PBXGroup;
			children = (
				7C90FAB72A97EFB200E5BE62 /* Application */,
				7C90FAB82A97EFB800E5BE62 /* Assembler */,
				7C90FABA2A97EFEA00E5BE62 /* Data */,
				7C90FABD2A97F03200E5BE62 /* Util */,
				7C90FABB2A97EFFB00E5BE62 /* Extension */,
				7C90FABC2A97F02100E5BE62 /* Protocol */,
				7C90FAB92A97EFD800E5BE62 /* Core */,
			);
			path = Common;
			sourceTree = "<group>";
		};
		7C90FAB42A97EF6500E5BE62 /* Configuration */ = {
			isa = PBXGroup;
			children = (
				7CEB570B2A97EC2D00D520FF /* Info.plist */,
			);
			path = Configuration;
			sourceTree = "<group>";
		};
		7C90FAB52A97EF8100E5BE62 /* Feature */ = {
			isa = PBXGroup;
			children = (
				7C90FAC02A97F33E00E5BE62 /* ItemsList */,
				7C90FAC12A97F35500E5BE62 /* ItemDetails */,
			);
			path = Feature;
			sourceTree = "<group>";
		};
		7C90FAB62A97EF8D00E5BE62 /* Resourses */ = {
			isa = PBXGroup;
			children = (
				7CEB57082A97EC2D00D520FF /* LaunchScreen.storyboard */,
				7CEB57062A97EC2D00D520FF /* Assets.xcassets */,
			);
			path = Resourses;
			sourceTree = "<group>";
		};
		7C90FAB72A97EFB200E5BE62 /* Application */ = {
			isa = PBXGroup;
			children = (
				7C90FADA2A97F79B00E5BE62 /* Base */,
				7CEB56FD2A97EC2C00D520FF /* AppDelegate.swift */,
				7CEB56FF2A97EC2C00D520FF /* SceneDelegate.swift */,
			);
			path = Application;
			sourceTree = "<group>";
		};
		7C90FAB82A97EFB800E5BE62 /* Assembler */ = {
			isa = PBXGroup;
			children = (
				7C90FABE2A97F24300E5BE62 /* FeatureFactory.swift */,
			);
			path = Assembler;
			sourceTree = "<group>";
		};
		7C90FAB92A97EFD800E5BE62 /* Core */ = {
			isa = PBXGroup;
			children = (
				7C90FADD2A97F8B000E5BE62 /* NBActivityIndicator.swift */,
				7C90FAEF2A97FF3C00E5BE62 /* NBViewController.swift */,
			);
			path = Core;
			sourceTree = "<group>";
		};
		7C90FABA2A97EFEA00E5BE62 /* Data */ = {
			isa = PBXGroup;
			children = (
				7C90FAE12A97FB3B00E5BE62 /* Model */,
				7C90FAE22A97FB4100E5BE62 /* Repository */,
			);
			path = Data;
			sourceTree = "<group>";
		};
		7C90FABB2A97EFFB00E5BE62 /* Extension */ = {
			isa = PBXGroup;
			children = (
			);
			path = Extension;
			sourceTree = "<group>";
		};
		7C90FABC2A97F02100E5BE62 /* Protocol */ = {
			isa = PBXGroup;
			children = (
			);
			path = Protocol;
			sourceTree = "<group>";
		};
		7C90FABD2A97F03200E5BE62 /* Util */ = {
			isa = PBXGroup;
			children = (
				7C90FADF2A97F96000E5BE62 /* NBColor.swift */,
				7C90FAEB2A97FCC500E5BE62 /* NBDefaultError.swift */,
			);
			path = Util;
			sourceTree = "<group>";
		};
		7C90FAC02A97F33E00E5BE62 /* ItemsList */ = {
			isa = PBXGroup;
			children = (
				7C90FAC52A97F38200E5BE62 /* Contract */,
				7C90FAC42A97F37A00E5BE62 /* Router */,
				7C90FAC32A97F37200E5BE62 /* Presenter */,
				7C90FAC22A97F36B00E5BE62 /* View */,
			);
			path = ItemsList;
			sourceTree = "<group>";
		};
		7C90FAC12A97F35500E5BE62 /* ItemDetails */ = {
			isa = PBXGroup;
			children = (
				7C90FAC92A97F3A300E5BE62 /* Contract */,
				7C90FAC82A97F39C00E5BE62 /* Router */,
				7C90FAC72A97F39600E5BE62 /* Presenter */,
				7C90FAC62A97F39200E5BE62 /* View */,
			);
			path = ItemDetails;
			sourceTree = "<group>";
		};
		7C90FAC22A97F36B00E5BE62 /* View */ = {
			isa = PBXGroup;
			children = (
				7C90FACA2A97F3D000E5BE62 /* ItemsListViewController.swift */,
			);
			path = View;
			sourceTree = "<group>";
		};
		7C90FAC32A97F37200E5BE62 /* Presenter */ = {
			isa = PBXGroup;
			children = (
				7C90FACC2A97F3DE00E5BE62 /* ItemsListPresenter.swift */,
			);
			path = Presenter;
			sourceTree = "<group>";
		};
		7C90FAC42A97F37A00E5BE62 /* Router */ = {
			isa = PBXGroup;
			children = (
				7C90FACE2A97F3F200E5BE62 /* ItemsListRouter.swift */,
			);
			path = Router;
			sourceTree = "<group>";
		};
		7C90FAC52A97F38200E5BE62 /* Contract */ = {
			isa = PBXGroup;
			children = (
				7C90FAD02A97F3FF00E5BE62 /* ItemsListContract.swift */,
			);
			path = Contract;
			sourceTree = "<group>";
		};
		7C90FAC62A97F39200E5BE62 /* View */ = {
			isa = PBXGroup;
			children = (
				7C90FAD22A97F41A00E5BE62 /* ItemDetailsViewController.swift */,
			);
			path = View;
			sourceTree = "<group>";
		};
		7C90FAC72A97F39600E5BE62 /* Presenter */ = {
			isa = PBXGroup;
			children = (
				7C90FAD42A97F42E00E5BE62 /* ItemDetailsPresenter.swift */,
			);
			path = Presenter;
			sourceTree = "<group>";
		};
		7C90FAC82A97F39C00E5BE62 /* Router */ = {
			isa = PBXGroup;
			children = (
				7C90FAD62A97F43A00E5BE62 /* ItemDetailsRouter.swift */,
			);
			path = Router;
			sourceTree = "<group>";
		};
		7C90FAC92A97F3A300E5BE62 /* Contract */ = {
			isa = PBXGroup;
			children = (
				7C90FAD82A97F44500E5BE62 /* ItemDetailsContract.swift */,
			);
			path = Contract;
			sourceTree = "<group>";
		};
		7C90FADA2A97F79B00E5BE62 /* Base */ = {
			isa = PBXGroup;
			children = (
				7C90FAE92A97FBCD00E5BE62 /* BaseRouterContract.swift */,
				7C90FADB2A97F7AB00E5BE62 /* BaseRouter.swift */,
			);
			path = Base;
			sourceTree = "<group>";
		};
		7C90FAE12A97FB3B00E5BE62 /* Model */ = {
			isa = PBXGroup;
			children = (
			);
			path = Model;
			sourceTree = "<group>";
		};
		7C90FAE22A97FB4100E5BE62 /* Repository */ = {
			isa = PBXGroup;
			children = (
				7C90FAED2A97FD0300E5BE62 /* BaseRepository.swift */,
				7C90FAE32A97FB6F00E5BE62 /* ItemsList */,
			);
			path = Repository;
			sourceTree = "<group>";
		};
		7C90FAE32A97FB6F00E5BE62 /* ItemsList */ = {
			isa = PBXGroup;
			children = (
				7C90FAE72A97FBBA00E5BE62 /* ItemsListRepositoryContract.swift */,
				7C90FAE52A97FBAD00E5BE62 /* ItemsListRepositoryImpl.swift */,
			);
			path = ItemsList;
			sourceTree = "<group>";
		};
		7CEB56F12A97EC2C00D520FF = {
			isa = PBXGroup;
			children = (
				7CEB56FC2A97EC2C00D520FF /* NoticeBoard */,
				7CEB56FB2A97EC2C00D520FF /* Products */,
			);
			sourceTree = "<group>";
		};
		7CEB56FB2A97EC2C00D520FF /* Products */ = {
			isa = PBXGroup;
			children = (
				7CEB56FA2A97EC2C00D520FF /* NoticeBoard.app */,
			);
			name = Products;
			sourceTree = "<group>";
		};
		7CEB56FC2A97EC2C00D520FF /* NoticeBoard */ = {
			isa = PBXGroup;
			children = (
				7C90FAB42A97EF6500E5BE62 /* Configuration */,
				7C90FAB32A97EF3D00E5BE62 /* Common */,
				7C90FAB52A97EF8100E5BE62 /* Feature */,
				7C90FAB62A97EF8D00E5BE62 /* Resourses */,
			);
			path = NoticeBoard;
			sourceTree = "<group>";
		};
/* End PBXGroup section */

/* Begin PBXNativeTarget section */
		7CEB56F92A97EC2C00D520FF /* NoticeBoard */ = {
			isa = PBXNativeTarget;
			buildConfigurationList = 7CEB570E2A97EC2D00D520FF /* Build configuration list for PBXNativeTarget "NoticeBoard" */;
			buildPhases = (
				7CEB56F62A97EC2C00D520FF /* Sources */,
				7CEB56F72A97EC2C00D520FF /* Frameworks */,
				7CEB56F82A97EC2C00D520FF /* Resources */,
			);
			buildRules = (
			);
			dependencies = (
			);
			name = NoticeBoard;
			productName = NoticeBoard;
			productReference = 7CEB56FA2A97EC2C00D520FF /* NoticeBoard.app */;
			productType = "com.apple.product-type.application";
		};
/* End PBXNativeTarget section */

/* Begin PBXProject section */
		7CEB56F22A97EC2C00D520FF /* Project object */ = {
			isa = PBXProject;
			attributes = {
				BuildIndependentTargetsInParallel = 1;
				LastSwiftUpdateCheck = 1420;
				LastUpgradeCheck = 1420;
				TargetAttributes = {
					7CEB56F92A97EC2C00D520FF = {
						CreatedOnToolsVersion = 14.2;
					};
				};
			};
			buildConfigurationList = 7CEB56F52A97EC2C00D520FF /* Build configuration list for PBXProject "NoticeBoard" */;
			compatibilityVersion = "Xcode 14.0";
			developmentRegion = en;
			hasScannedForEncodings = 0;
			knownRegions = (
				en,
				Base,
			);
			mainGroup = 7CEB56F12A97EC2C00D520FF;
			productRefGroup = 7CEB56FB2A97EC2C00D520FF /* Products */;
			projectDirPath = "";
			projectRoot = "";
			targets = (
				7CEB56F92A97EC2C00D520FF /* NoticeBoard */,
			);
		};
/* End PBXProject section */

/* Begin PBXResourcesBuildPhase section */
		7CEB56F82A97EC2C00D520FF /* Resources */ = {
			isa = PBXResourcesBuildPhase;
			buildActionMask = 2147483647;
			files = (
				7CEB570A2A97EC2D00D520FF /* LaunchScreen.storyboard in Resources */,
				7CEB57072A97EC2D00D520FF /* Assets.xcassets in Resources */,
			);
			runOnlyForDeploymentPostprocessing = 0;
		};
/* End PBXResourcesBuildPhase section */

/* Begin PBXSourcesBuildPhase section */
		7CEB56F62A97EC2C00D520FF /* Sources */ = {
			isa = PBXSourcesBuildPhase;
			buildActionMask = 2147483647;
			files = (
				7CEB56FE2A97EC2C00D520FF /* AppDelegate.swift in Sources */,
				7C90FADC2A97F7AB00E5BE62 /* BaseRouter.swift in Sources */,
				7C90FADE2A97F8B000E5BE62 /* NBActivityIndicator.swift in Sources */,
				7C90FAD52A97F42E00E5BE62 /* ItemDetailsPresenter.swift in Sources */,
				7C90FAD72A97F43A00E5BE62 /* ItemDetailsRouter.swift in Sources */,
				7C90FAE02A97F96000E5BE62 /* NBColor.swift in Sources */,
				7C90FAD92A97F44500E5BE62 /* ItemDetailsContract.swift in Sources */,
				7C90FACB2A97F3D000E5BE62 /* ItemsListViewController.swift in Sources */,
				7C90FAF02A97FF3C00E5BE62 /* NBViewController.swift in Sources */,
				7C90FAE82A97FBBA00E5BE62 /* ItemsListRepositoryContract.swift in Sources */,
				7C90FABF2A97F24300E5BE62 /* FeatureFactory.swift in Sources */,
				7C90FAEC2A97FCC500E5BE62 /* NBDefaultError.swift in Sources */,
				7C90FACF2A97F3F200E5BE62 /* ItemsListRouter.swift in Sources */,
				7C90FAE62A97FBAD00E5BE62 /* ItemsListRepositoryImpl.swift in Sources */,
				7CEB57002A97EC2C00D520FF /* SceneDelegate.swift in Sources */,
				7C90FACD2A97F3DE00E5BE62 /* ItemsListPresenter.swift in Sources */,
				7C90FAD32A97F41A00E5BE62 /* ItemDetailsViewController.swift in Sources */,
				7C90FAD12A97F3FF00E5BE62 /* ItemsListContract.swift in Sources */,
				7C90FAEE2A97FD0300E5BE62 /* BaseRepository.swift in Sources */,
				7C90FAEA2A97FBCD00E5BE62 /* BaseRouterContract.swift in Sources */,
			);
			runOnlyForDeploymentPostprocessing = 0;
		};
/* End PBXSourcesBuildPhase section */

/* Begin PBXVariantGroup section */
		7CEB57082A97EC2D00D520FF /* LaunchScreen.storyboard */ = {
			isa = PBXVariantGroup;
			children = (
				7CEB57092A97EC2D00D520FF /* Base */,
			);
			name = LaunchScreen.storyboard;
			sourceTree = "<group>";
		};
/* End PBXVariantGroup section */

/* Begin XCBuildConfiguration section */
		7CEB570C2A97EC2D00D520FF /* Debug */ = {
			isa = XCBuildConfiguration;
			buildSettings = {
				ALWAYS_SEARCH_USER_PATHS = NO;
				CLANG_ANALYZER_NONNULL = YES;
				CLANG_ANALYZER_NUMBER_OBJECT_CONVERSION = YES_AGGRESSIVE;
				CLANG_CXX_LANGUAGE_STANDARD = "gnu++20";
				CLANG_ENABLE_MODULES = YES;
				CLANG_ENABLE_OBJC_ARC = YES;
				CLANG_ENABLE_OBJC_WEAK = YES;
				CLANG_WARN_BLOCK_CAPTURE_AUTORELEASING = YES;
				CLANG_WARN_BOOL_CONVERSION = YES;
				CLANG_WARN_COMMA = YES;
				CLANG_WARN_CONSTANT_CONVERSION = YES;
				CLANG_WARN_DEPRECATED_OBJC_IMPLEMENTATIONS = YES;
				CLANG_WARN_DIRECT_OBJC_ISA_USAGE = YES_ERROR;
				CLANG_WARN_DOCUMENTATION_COMMENTS = YES;
				CLANG_WARN_EMPTY_BODY = YES;
				CLANG_WARN_ENUM_CONVERSION = YES;
				CLANG_WARN_INFINITE_RECURSION = YES;
				CLANG_WARN_INT_CONVERSION = YES;
				CLANG_WARN_NON_LITERAL_NULL_CONVERSION = YES;
				CLANG_WARN_OBJC_IMPLICIT_RETAIN_SELF = YES;
				CLANG_WARN_OBJC_LITERAL_CONVERSION = YES;
				CLANG_WARN_OBJC_ROOT_CLASS = YES_ERROR;
				CLANG_WARN_QUOTED_INCLUDE_IN_FRAMEWORK_HEADER = YES;
				CLANG_WARN_RANGE_LOOP_ANALYSIS = YES;
				CLANG_WARN_STRICT_PROTOTYPES = YES;
				CLANG_WARN_SUSPICIOUS_MOVE = YES;
				CLANG_WARN_UNGUARDED_AVAILABILITY = YES_AGGRESSIVE;
				CLANG_WARN_UNREACHABLE_CODE = YES;
				CLANG_WARN__DUPLICATE_METHOD_MATCH = YES;
				COPY_PHASE_STRIP = NO;
				DEBUG_INFORMATION_FORMAT = dwarf;
				ENABLE_STRICT_OBJC_MSGSEND = YES;
				ENABLE_TESTABILITY = YES;
				GCC_C_LANGUAGE_STANDARD = gnu11;
				GCC_DYNAMIC_NO_PIC = NO;
				GCC_NO_COMMON_BLOCKS = YES;
				GCC_OPTIMIZATION_LEVEL = 0;
				GCC_PREPROCESSOR_DEFINITIONS = (
					"DEBUG=1",
					"$(inherited)",
				);
				GCC_WARN_64_TO_32_BIT_CONVERSION = YES;
				GCC_WARN_ABOUT_RETURN_TYPE = YES_ERROR;
				GCC_WARN_UNDECLARED_SELECTOR = YES;
				GCC_WARN_UNINITIALIZED_AUTOS = YES_AGGRESSIVE;
				GCC_WARN_UNUSED_FUNCTION = YES;
				GCC_WARN_UNUSED_VARIABLE = YES;
				IPHONEOS_DEPLOYMENT_TARGET = 16.2;
				MTL_ENABLE_DEBUG_INFO = INCLUDE_SOURCE;
				MTL_FAST_MATH = YES;
				ONLY_ACTIVE_ARCH = YES;
				SDKROOT = iphoneos;
				SWIFT_ACTIVE_COMPILATION_CONDITIONS = DEBUG;
				SWIFT_OPTIMIZATION_LEVEL = "-Onone";
			};
			name = Debug;
		};
		7CEB570D2A97EC2D00D520FF /* Release */ = {
			isa = XCBuildConfiguration;
			buildSettings = {
				ALWAYS_SEARCH_USER_PATHS = NO;
				CLANG_ANALYZER_NONNULL = YES;
				CLANG_ANALYZER_NUMBER_OBJECT_CONVERSION = YES_AGGRESSIVE;
				CLANG_CXX_LANGUAGE_STANDARD = "gnu++20";
				CLANG_ENABLE_MODULES = YES;
				CLANG_ENABLE_OBJC_ARC = YES;
				CLANG_ENABLE_OBJC_WEAK = YES;
				CLANG_WARN_BLOCK_CAPTURE_AUTORELEASING = YES;
				CLANG_WARN_BOOL_CONVERSION = YES;
				CLANG_WARN_COMMA = YES;
				CLANG_WARN_CONSTANT_CONVERSION = YES;
				CLANG_WARN_DEPRECATED_OBJC_IMPLEMENTATIONS = YES;
				CLANG_WARN_DIRECT_OBJC_ISA_USAGE = YES_ERROR;
				CLANG_WARN_DOCUMENTATION_COMMENTS = YES;
				CLANG_WARN_EMPTY_BODY = YES;
				CLANG_WARN_ENUM_CONVERSION = YES;
				CLANG_WARN_INFINITE_RECURSION = YES;
				CLANG_WARN_INT_CONVERSION = YES;
				CLANG_WARN_NON_LITERAL_NULL_CONVERSION = YES;
				CLANG_WARN_OBJC_IMPLICIT_RETAIN_SELF = YES;
				CLANG_WARN_OBJC_LITERAL_CONVERSION = YES;
				CLANG_WARN_OBJC_ROOT_CLASS = YES_ERROR;
				CLANG_WARN_QUOTED_INCLUDE_IN_FRAMEWORK_HEADER = YES;
				CLANG_WARN_RANGE_LOOP_ANALYSIS = YES;
				CLANG_WARN_STRICT_PROTOTYPES = YES;
				CLANG_WARN_SUSPICIOUS_MOVE = YES;
				CLANG_WARN_UNGUARDED_AVAILABILITY = YES_AGGRESSIVE;
				CLANG_WARN_UNREACHABLE_CODE = YES;
				CLANG_WARN__DUPLICATE_METHOD_MATCH = YES;
				COPY_PHASE_STRIP = NO;
				DEBUG_INFORMATION_FORMAT = "dwarf-with-dsym";
				ENABLE_NS_ASSERTIONS = NO;
				ENABLE_STRICT_OBJC_MSGSEND = YES;
				GCC_C_LANGUAGE_STANDARD = gnu11;
				GCC_NO_COMMON_BLOCKS = YES;
				GCC_WARN_64_TO_32_BIT_CONVERSION = YES;
				GCC_WARN_ABOUT_RETURN_TYPE = YES_ERROR;
				GCC_WARN_UNDECLARED_SELECTOR = YES;
				GCC_WARN_UNINITIALIZED_AUTOS = YES_AGGRESSIVE;
				GCC_WARN_UNUSED_FUNCTION = YES;
				GCC_WARN_UNUSED_VARIABLE = YES;
				IPHONEOS_DEPLOYMENT_TARGET = 16.2;
				MTL_ENABLE_DEBUG_INFO = NO;
				MTL_FAST_MATH = YES;
				SDKROOT = iphoneos;
				SWIFT_COMPILATION_MODE = wholemodule;
				SWIFT_OPTIMIZATION_LEVEL = "-O";
				VALIDATE_PRODUCT = YES;
			};
			name = Release;
		};
		7CEB570F2A97EC2D00D520FF /* Debug */ = {
			isa = XCBuildConfiguration;
			buildSettings = {
				ASSETCATALOG_COMPILER_APPICON_NAME = AppIcon;
				ASSETCATALOG_COMPILER_GLOBAL_ACCENT_COLOR_NAME = AccentColor;
				CODE_SIGN_STYLE = Automatic;
				CURRENT_PROJECT_VERSION = 1;
				DEVELOPMENT_TEAM = MYR4RY57UC;
				GENERATE_INFOPLIST_FILE = YES;
				INFOPLIST_FILE = NoticeBoard/Configuration/Info.plist;
				INFOPLIST_KEY_UIApplicationSupportsIndirectInputEvents = YES;
				INFOPLIST_KEY_UILaunchStoryboardName = LaunchScreen;
				INFOPLIST_KEY_UIMainStoryboardFile = "";
				INFOPLIST_KEY_UISupportedInterfaceOrientations_iPad = "UIInterfaceOrientationPortrait UIInterfaceOrientationPortraitUpsideDown UIInterfaceOrientationLandscapeLeft UIInterfaceOrientationLandscapeRight";
				INFOPLIST_KEY_UISupportedInterfaceOrientations_iPhone = "UIInterfaceOrientationPortrait UIInterfaceOrientationLandscapeLeft UIInterfaceOrientationLandscapeRight";
				LD_RUNPATH_SEARCH_PATHS = (
					"$(inherited)",
					"@executable_path/Frameworks",
				);
				MARKETING_VERSION = 1.0;
				PRODUCT_BUNDLE_IDENTIFIER = com.zhoraagadzhanyan.NoticeBoard;
				PRODUCT_NAME = "$(TARGET_NAME)";
				SWIFT_EMIT_LOC_STRINGS = YES;
				SWIFT_VERSION = 5.0;
				TARGETED_DEVICE_FAMILY = "1,2";
			};
			name = Debug;
		};
		7CEB57102A97EC2D00D520FF /* Release */ = {
			isa = XCBuildConfiguration;
			buildSettings = {
				ASSETCATALOG_COMPILER_APPICON_NAME = AppIcon;
				ASSETCATALOG_COMPILER_GLOBAL_ACCENT_COLOR_NAME = AccentColor;
				CODE_SIGN_STYLE = Automatic;
				CURRENT_PROJECT_VERSION = 1;
				DEVELOPMENT_TEAM = MYR4RY57UC;
				GENERATE_INFOPLIST_FILE = YES;
				INFOPLIST_FILE = NoticeBoard/Configuration/Info.plist;
				INFOPLIST_KEY_UIApplicationSupportsIndirectInputEvents = YES;
				INFOPLIST_KEY_UILaunchStoryboardName = LaunchScreen;
				INFOPLIST_KEY_UIMainStoryboardFile = "";
				INFOPLIST_KEY_UISupportedInterfaceOrientations_iPad = "UIInterfaceOrientationPortrait UIInterfaceOrientationPortraitUpsideDown UIInterfaceOrientationLandscapeLeft UIInterfaceOrientationLandscapeRight";
				INFOPLIST_KEY_UISupportedInterfaceOrientations_iPhone = "UIInterfaceOrientationPortrait UIInterfaceOrientationLandscapeLeft UIInterfaceOrientationLandscapeRight";
				LD_RUNPATH_SEARCH_PATHS = (
					"$(inherited)",
					"@executable_path/Frameworks",
				);
				MARKETING_VERSION = 1.0;
				PRODUCT_BUNDLE_IDENTIFIER = com.zhoraagadzhanyan.NoticeBoard;
				PRODUCT_NAME = "$(TARGET_NAME)";
				SWIFT_EMIT_LOC_STRINGS = YES;
				SWIFT_VERSION = 5.0;
				TARGETED_DEVICE_FAMILY = "1,2";
			};
			name = Release;
		};
/* End XCBuildConfiguration section */

/* Begin XCConfigurationList section */
		7CEB56F52A97EC2C00D520FF /* Build configuration list for PBXProject "NoticeBoard" */ = {
			isa = XCConfigurationList;
			buildConfigurations = (
				7CEB570C2A97EC2D00D520FF /* Debug */,
				7CEB570D2A97EC2D00D520FF /* Release */,
			);
			defaultConfigurationIsVisible = 0;
			defaultConfigurationName = Release;
		};
		7CEB570E2A97EC2D00D520FF /* Build configuration list for PBXNativeTarget "NoticeBoard" */ = {
			isa = XCConfigurationList;
			buildConfigurations = (
				7CEB570F2A97EC2D00D520FF /* Debug */,
				7CEB57102A97EC2D00D520FF /* Release */,
			);
			defaultConfigurationIsVisible = 0;
			defaultConfigurationName = Release;
		};
/* End XCConfigurationList section */
	};
	rootObject = 7CEB56F22A97EC2C00D520FF /* Project object */;
}
